
Microsoft Visual Studio Solution File, Format Version 12.00
# Visual Studio Version 16
VisualStudioVersion = 16.0.31702.278
MinimumVisualStudioVersion = 10.0.40219.1
Project("{8BC9CEB8-8B4A-11D0-8D11-00A0C91BC942}") = "19_10_21_Arreglos_Pract7", "19_10_21_Arreglos_Pract7.vcxproj", "{307D8DED-E8A3-469C-BCC9-ED99FDD020A5}"
EndProject
Global
	GlobalSection(SolutionConfigurationPlatforms) = preSolution
		Debug|x64 = Debug|x64
		Debug|x86 = Debug|x86
		Release|x64 = Release|x64
		Release|x86 = Release|x86
	EndGlobalSection
	GlobalSection(ProjectConfigurationPlatforms) = postSolution
		{307D8DED-E8A3-469C-BCC9-ED99FDD020A5}.Debug|x64.ActiveCfg = Debug|x64
		{307D8DED-E8A3-469C-BCC9-ED99FDD020A5}.Debug|x64.Build.0 = Debug|x64
		{307D8DED-E8A3-469C-BCC9-ED99FDD020A5}.Debug|x86.ActiveCfg = Debug|Win32
		{307D8DED-E8A3-469C-BCC9-ED99FDD020A5}.Debug|x86.Build.0 = Debug|Win32
		{307D8DED-E8A3-469C-BCC9-ED99FDD020A5}.Release|x64.ActiveCfg = Release|x64
		{307D8DED-E8A3-469C-BCC9-ED99FDD020A5}.Release|x64.Build.0 = Release|x64
		{307D8DED-E8A3-469C-BCC9-ED99FDD020A5}.Release|x86.ActiveCfg = Release|Win32
		{307D8DED-E8A3-469C-BCC9-ED99FDD020A5}.Release|x86.Build.0 = Release|Win32
	EndGlobalSection
	GlobalSection(SolutionProperties) = preSolution
		HideSolutionNode = FALSE
	EndGlobalSection
	GlobalSection(ExtensibilityGlobals) = postSolution
		SolutionGuid = {CFCEB5DD-11E9-42F0-9DB4-5FB7EBA49C83}
	EndGlobalSection
EndGlobal
