
Microsoft Visual Studio Solution File, Format Version 12.00
# Visual Studio Version 16
VisualStudioVersion = 16.0.31702.278
MinimumVisualStudioVersion = 10.0.40219.1
Project("{8BC9CEB8-8B4A-11D0-8D11-00A0C91BC942}") = "06_10_21_Practica6_Pokemon", "06_10_21_Practica6_Pokemon.vcxproj", "{38BC80AB-5B96-4DDB-B865-C0665950A45B}"
EndProject
Global
	GlobalSection(SolutionConfigurationPlatforms) = preSolution
		Debug|x64 = Debug|x64
		Debug|x86 = Debug|x86
		Release|x64 = Release|x64
		Release|x86 = Release|x86
	EndGlobalSection
	GlobalSection(ProjectConfigurationPlatforms) = postSolution
		{38BC80AB-5B96-4DDB-B865-C0665950A45B}.Debug|x64.ActiveCfg = Debug|x64
		{38BC80AB-5B96-4DDB-B865-C0665950A45B}.Debug|x64.Build.0 = Debug|x64
		{38BC80AB-5B96-4DDB-B865-C0665950A45B}.Debug|x86.ActiveCfg = Debug|Win32
		{38BC80AB-5B96-4DDB-B865-C0665950A45B}.Debug|x86.Build.0 = Debug|Win32
		{38BC80AB-5B96-4DDB-B865-C0665950A45B}.Release|x64.ActiveCfg = Release|x64
		{38BC80AB-5B96-4DDB-B865-C0665950A45B}.Release|x64.Build.0 = Release|x64
		{38BC80AB-5B96-4DDB-B865-C0665950A45B}.Release|x86.ActiveCfg = Release|Win32
		{38BC80AB-5B96-4DDB-B865-C0665950A45B}.Release|x86.Build.0 = Release|Win32
	EndGlobalSection
	GlobalSection(SolutionProperties) = preSolution
		HideSolutionNode = FALSE
	EndGlobalSection
	GlobalSection(ExtensibilityGlobals) = postSolution
		SolutionGuid = {DE564594-C674-4D0C-8D65-74808C347CA6}
	EndGlobalSection
EndGlobal
